
Microsoft Visual Studio Solution File, Format Version 12.00
# Visual Studio 15
VisualStudioVersion = 15.0.28307.1433
MinimumVisualStudioVersion = 10.0.40219.1
Project("{FAE04EC0-301F-11D3-BF4B-00C04F79EFBC}") = "HelpDesk.API", "HelpDesk.API\HelpDesk.API.csproj", "{45BEB2EC-3DC8-44AB-A013-F706B05BFA63}"
EndProject
Project("{FAE04EC0-301F-11D3-BF4B-00C04F79EFBC}") = "HelpDesk.Web", "HelpDesk.Web\HelpDesk.Web.csproj", "{4ED2F698-6C2E-436F-B6E0-10E78584C00F}"
EndProject
Global
	GlobalSection(SolutionConfigurationPlatforms) = preSolution
		Debug|Any CPU = Debug|Any CPU
		Release|Any CPU = Release|Any CPU
	EndGlobalSection
	GlobalSection(ProjectConfigurationPlatforms) = postSolution
		{45BEB2EC-3DC8-44AB-A013-F706B05BFA63}.Debug|Any CPU.ActiveCfg = Debug|Any CPU
		{45BEB2EC-3DC8-44AB-A013-F706B05BFA63}.Debug|Any CPU.Build.0 = Debug|Any CPU
		{45BEB2EC-3DC8-44AB-A013-F706B05BFA63}.Release|Any CPU.ActiveCfg = Release|Any CPU
		{45BEB2EC-3DC8-44AB-A013-F706B05BFA63}.Release|Any CPU.Build.0 = Release|Any CPU
		{4ED2F698-6C2E-436F-B6E0-10E78584C00F}.Debug|Any CPU.ActiveCfg = Debug|Any CPU
		{4ED2F698-6C2E-436F-B6E0-10E78584C00F}.Debug|Any CPU.Build.0 = Debug|Any CPU
		{4ED2F698-6C2E-436F-B6E0-10E78584C00F}.Release|Any CPU.ActiveCfg = Release|Any CPU
		{4ED2F698-6C2E-436F-B6E0-10E78584C00F}.Release|Any CPU.Build.0 = Release|Any CPU
	EndGlobalSection
	GlobalSection(SolutionProperties) = preSolution
		HideSolutionNode = FALSE
	EndGlobalSection
	GlobalSection(ExtensibilityGlobals) = postSolution
		SolutionGuid = {7E769A69-5FA8-425E-B359-2335090C1985}
	EndGlobalSection
EndGlobal
