{
  "requires": true,
  "lockfileVersion": 1,
  "dependencies": {
    "sweetalert2": {
      "version": "9.7.0",
      "resolved": "https://registry.npmjs.org/sweetalert2/-/sweetalert2-9.7.0.tgz",
      "integrity": "sha512-oGGj9hzl/HFx5I33VQyuYCIr3O1HBpQWB10MGYgzbc/3YWKaViH26U1eqq1N+5wtNlviscRBu+4vhSC/237THw=="
    }
  }
}
